// !$*UTF8*$!
{
	archiveVersion = 1;
	classes = {
	};
	objectVersion = 48;
	objects = {

/* Begin PBXBuildFile section */
		04CA7B771FBC44E700934E20 /* AppDelegate.m in Sources */ = {isa = PBXBuildFile; fileRef = 04CA7B761FBC44E700934E20 /* AppDelegate.m */; };
		04CA7B7A1FBC44E700934E20 /* ViewController.m in Sources */ = {isa = PBXBuildFile; fileRef = 04CA7B791FBC44E700934E20 /* ViewController.m */; };
		04CA7B7D1FBC44E700934E20 /* Main.storyboard in Resources */ = {isa = PBXBuildFile; fileRef = 04CA7B7B1FBC44E700934E20 /* Main.storyboard */; };
		04CA7B7F1FBC44E700934E20 /* Assets.xcassets in Resources */ = {isa = PBXBuildFile; fileRef = 04CA7B7E1FBC44E700934E20 /* Assets.xcassets */; };
		04CA7B821FBC44E700934E20 /* LaunchScreen.storyboard in Resources */ = {isa = PBXBuildFile; fileRef = 04CA7B801FBC44E700934E20 /* LaunchScreen.storyboard */; };
		04CA7B851FBC44E700934E20 /* main.m in Sources */ = {isa = PBXBuildFile; fileRef = 04CA7B841FBC44E700934E20 /* main.m */; };
		04CA7B8F1FBC44E700934E20 /* CountdownButtonTests.m in Sources */ = {isa = PBXBuildFile; fileRef = 04CA7B8E1FBC44E700934E20 /* CountdownButtonTests.m */; };
		04CA7B9A1FBC44E700934E20 /* CountdownButtonUITests.m in Sources */ = {isa = PBXBuildFile; fileRef = 04CA7B991FBC44E700934E20 /* CountdownButtonUITests.m */; };
		04CA7BA91FBC455400934E20 /* UIButton+CountDown.m in Sources */ = {isa = PBXBuildFile; fileRef = 04CA7BA81FBC455400934E20 /* UIButton+CountDown.m */; };
/* End PBXBuildFile section */

/* Begin PBXContainerItemProxy section */
		04CA7B8B1FBC44E700934E20 /* PBXContainerItemProxy */ = {
			isa = PBXContainerItemProxy;
			containerPortal = 04CA7B6A1FBC44E700934E20 /* Project object */;
			proxyType = 1;
			remoteGlobalIDString = 04CA7B711FBC44E700934E20;
			remoteInfo = CountdownButton;
		};
		04CA7B961FBC44E700934E20 /* PBXContainerItemProxy */ = {
			isa = PBXContainerItemProxy;
			containerPortal = 04CA7B6A1FBC44E700934E20 /* Project object */;
			proxyType = 1;
			remoteGlobalIDString = 04CA7B711FBC44E700934E20;
			remoteInfo = CountdownButton;
		};
/* End PBXContainerItemProxy section */

/* Begin PBXFileReference section */
		04CA7B721FBC44E700934E20 /* CountdownButton.app */ = {isa = PBXFileReference; explicitFileType = wrapper.application; includeInIndex = 0; path = CountdownButton.app; sourceTree = BUILT_PRODUCTS_DIR; };
		04CA7B751FBC44E700934E20 /* AppDelegate.h */ = {isa = PBXFileReference; lastKnownFileType = sourcecode.c.h; path = AppDelegate.h; sourceTree = "<group>"; };
		04CA7B761FBC44E700934E20 /* AppDelegate.m */ = {isa = PBXFileReference; lastKnownFileType = sourcecode.c.objc; path = AppDelegate.m; sourceTree = "<group>"; };
		04CA7B781FBC44E700934E20 /* ViewController.h */ = {isa = PBXFileReference; lastKnownFileType = sourcecode.c.h; path = ViewController.h; sourceTree = "<group>"; };
		04CA7B791FBC44E700934E20 /* ViewController.m */ = {isa = PBXFileReference; lastKnownFileType = sourcecode.c.objc; path = ViewController.m; sourceTree = "<group>"; };
		04CA7B7C1FBC44E700934E20 /* Base */ = {isa = PBXFileReference; lastKnownFileType = file.storyboard; name = Base; path = Base.lproj/Main.storyboard; sourceTree = "<group>"; };
		04CA7B7E1FBC44E700934E20 /* Assets.xcassets */ = {isa = PBXFileReference; lastKnownFileType = folder.assetcatalog; path = Assets.xcassets; sourceTree = "<group>"; };
		04CA7B811FBC44E700934E20 /* Base */ = {isa = PBXFileReference; lastKnownFileType = file.storyboard; name = Base; path = Base.lproj/LaunchScreen.storyboard; sourceTree = "<group>"; };
		04CA7B831FBC44E700934E20 /* Info.plist */ = {isa = PBXFileReference; lastKnownFileType = text.plist.xml; path = Info.plist; sourceTree = "<group>"; };
		04CA7B841FBC44E700934E20 /* main.m */ = {isa = PBXFileReference; lastKnownFileType = sourcecode.c.objc; path = main.m; sourceTree = "<group>"; };
		04CA7B8A1FBC44E700934E20 /* CountdownButtonTests.xctest */ = {isa = PBXFileReference; explicitFileType = wrapper.cfbundle; includeInIndex = 0; path = CountdownButtonTests.xctest; sourceTree = BUILT_PRODUCTS_DIR; };
		04CA7B8E1FBC44E700934E20 /* CountdownButtonTests.m */ = {isa = PBXFileReference; lastKnownFileType = sourcecode.c.objc; path = CountdownButtonTests.m; sourceTree = "<group>"; };
		04CA7B901FBC44E700934E20 /* Info.plist */ = {isa = PBXFileReference; lastKnownFileType = text.plist.xml; path = Info.plist; sourceTree = "<group>"; };
		04CA7B951FBC44E700934E20 /* CountdownButtonUITests.xctest */ = {isa = PBXFileReference; explicitFileType = wrapper.cfbundle; includeInIndex = 0; path = CountdownButtonUITests.xctest; sourceTree = BUILT_PRODUCTS_DIR; };
		04CA7B991FBC44E700934E20 /* CountdownButtonUITests.m */ = {isa = PBXFileReference; lastKnownFileType = sourcecode.c.objc; path = CountdownButtonUITests.m; sourceTree = "<group>"; };
		04CA7B9B1FBC44E800934E20 /* Info.plist */ = {isa = PBXFileReference; lastKnownFileType = text.plist.xml; path = Info.plist; sourceTree = "<group>"; };
		04CA7BA71FBC455400934E20 /* UIButton+CountDown.h */ = {isa = PBXFileReference; lastKnownFileType = sourcecode.c.h; path = "UIButton+CountDown.h"; sourceTree = "<group>"; };
		04CA7BA81FBC455400934E20 /* UIButton+CountDown.m */ = {isa = PBXFileReference; lastKnownFileType = sourcecode.c.objc; path = "UIButton+CountDown.m"; sourceTree = "<group>"; };
/* End PBXFileReference section */

/* Begin PBXFrameworksBuildPhase section */
		04CA7B6F1FBC44E700934E20 /* Frameworks */ = {
			isa = PBXFrameworksBuildPhase;
			buildActionMask = 2147483647;
			files = (
			);
			runOnlyForDeploymentPostprocessing = 0;
		};
		04CA7B871FBC44E700934E20 /* Frameworks */ = {
			isa = PBXFrameworksBuildPhase;
			buildActionMask = 2147483647;
			files = (
			);
			runOnlyForDeploymentPostprocessing = 0;
		};
		04CA7B921FBC44E700934E20 /* Frameworks */ = {
			isa = PBXFrameworksBuildPhase;
			buildActionMask = 2147483647;
			files = (
			);
			runOnlyForDeploymentPostprocessing = 0;
		};
/* End PBXFrameworksBuildPhase section */

/* Begin PBXGroup section */
		04CA7B691FBC44E700934E20 = {
			isa = PBXGroup;
			children = (
				04CA7B741FBC44E700934E20 /* CountdownButton */,
				04CA7B8D1FBC44E700934E20 /* CountdownButtonTests */,
				04CA7B981FBC44E700934E20 /* CountdownButtonUITests */,
				04CA7B731FBC44E700934E20 /* Products */,
			);
			sourceTree = "<group>";
		};
		04CA7B731FBC44E700934E20 /* Products */ = {
			isa = PBXGroup;
			children = (
				04CA7B721FBC44E700934E20 /* CountdownButton.app */,
				04CA7B8A1FBC44E700934E20 /* CountdownButtonTests.xctest */,
				04CA7B951FBC44E700934E20 /* CountdownButtonUITests.xctest */,
			);
			name = Products;
			sourceTree = "<group>";
		};
		04CA7B741FBC44E700934E20 /* CountdownButton */ = {
			isa = PBXGroup;
			children = (
				04CA7B751FBC44E700934E20 /* AppDelegate.h */,
				04CA7B761FBC44E700934E20 /* AppDelegate.m */,
				04CA7B781FBC44E700934E20 /* ViewController.h */,
				04CA7B791FBC44E700934E20 /* ViewController.m */,
				04CA7BA71FBC455400934E20 /* UIButton+CountDown.h */,
				04CA7BA81FBC455400934E20 /* UIButton+CountDown.m */,
				04CA7B7B1FBC44E700934E20 /* Main.storyboard */,
				04CA7B7E1FBC44E700934E20 /* Assets.xcassets */,
				04CA7B801FBC44E700934E20 /* LaunchScreen.storyboard */,
				04CA7B831FBC44E700934E20 /* Info.plist */,
				04CA7B841FBC44E700934E20 /* main.m */,
			);
			path = CountdownButton;
			sourceTree = "<group>";
		};
		04CA7B8D1FBC44E700934E20 /* CountdownButtonTests */ = {
			isa = PBXGroup;
			children = (
				04CA7B8E1FBC44E700934E20 /* CountdownButtonTests.m */,
				04CA7B901FBC44E700934E20 /* Info.plist */,
			);
			path = CountdownButtonTests;
			sourceTree = "<group>";
		};
		04CA7B981FBC44E700934E20 /* CountdownButtonUITests */ = {
			isa = PBXGroup;
			children = (
				04CA7B991FBC44E700934E20 /* CountdownButtonUITests.m */,
				04CA7B9B1FBC44E800934E20 /* Info.plist */,
			);
			path = CountdownButtonUITests;
			sourceTree = "<group>";
		};
/* End PBXGroup section */

/* Begin PBXNativeTarget section */
		04CA7B711FBC44E700934E20 /* CountdownButton */ = {
			isa = PBXNativeTarget;
			buildConfigurationList = 04CA7B9E1FBC44E800934E20 /* Build configuration list for PBXNativeTarget "CountdownButton" */;
			buildPhases = (
				04CA7B6E1FBC44E700934E20 /* Sources */,
				04CA7B6F1FBC44E700934E20 /* Frameworks */,
				04CA7B701FBC44E700934E20 /* Resources */,
			);
			buildRules = (
			);
			dependencies = (
			);
			name = CountdownButton;
			productName = CountdownButton;
			productReference = 04CA7B721FBC44E700934E20 /* CountdownButton.app */;
			productType = "com.apple.product-type.application";
		};
		04CA7B891FBC44E700934E20 /* CountdownButtonTests */ = {
			isa = PBXNativeTarget;
			buildConfigurationList = 04CA7BA11FBC44E800934E20 /* Build configuration list for PBXNativeTarget "CountdownButtonTests" */;
			buildPhases = (
				04CA7B861FBC44E700934E20 /* Sources */,
				04CA7B871FBC44E700934E20 /* Frameworks */,
				04CA7B881FBC44E700934E20 /* Resources */,
			);
			buildRules = (
			);
			dependencies = (
				04CA7B8C1FBC44E700934E20 /* PBXTargetDependency */,
			);
			name = CountdownButtonTests;
			productName = CountdownButtonTests;
			productReference = 04CA7B8A1FBC44E700934E20 /* CountdownButtonTests.xctest */;
			productType = "com.apple.product-type.bundle.unit-test";
		};
		04CA7B941FBC44E700934E20 /* CountdownButtonUITests */ = {
			isa = PBXNativeTarget;
			buildConfigurationList = 04CA7BA41FBC44E800934E20 /* Build configuration list for PBXNativeTarget "CountdownButtonUITests" */;
			buildPhases = (
				04CA7B911FBC44E700934E20 /* Sources */,
				04CA7B921FBC44E700934E20 /* Frameworks */,
				04CA7B931FBC44E700934E20 /* Resources */,
			);
			buildRules = (
			);
			dependencies = (
				04CA7B971FBC44E700934E20 /* PBXTargetDependency */,
			);
			name = CountdownButtonUITests;
			productName = CountdownButtonUITests;
			productReference = 04CA7B951FBC44E700934E20 /* CountdownButtonUITests.xctest */;
			productType = "com.apple.product-type.bundle.ui-testing";
		};
/* End PBXNativeTarget section */

/* Begin PBXProject section */
		04CA7B6A1FBC44E700934E20 /* Project object */ = {
			isa = PBXProject;
			attributes = {
				LastUpgradeCheck = 0910;
				ORGANIZATIONNAME = ChengMengKeJi;
				TargetAttributes = {
					04CA7B711FBC44E700934E20 = {
						CreatedOnToolsVersion = 9.1;
						ProvisioningStyle = Automatic;
					};
					04CA7B891FBC44E700934E20 = {
						CreatedOnToolsVersion = 9.1;
						ProvisioningStyle = Automatic;
						TestTargetID = 04CA7B711FBC44E700934E20;
					};
					04CA7B941FBC44E700934E20 = {
						CreatedOnToolsVersion = 9.1;
						ProvisioningStyle = Automatic;
						TestTargetID = 04CA7B711FBC44E700934E20;
					};
				};
			};
			buildConfigurationList = 04CA7B6D1FBC44E700934E20 /* Build configuration list for PBXProject "CountdownButton" */;
			compatibilityVersion = "Xcode 8.0";
			developmentRegion = en;
			hasScannedForEncodings = 0;
			knownRegions = (
				en,
				Base,
			);
			mainGroup = 04CA7B691FBC44E700934E20;
			productRefGroup = 04CA7B731FBC44E700934E20 /* Products */;
			projectDirPath = "";
			projectRoot = "";
			targets = (
				04CA7B711FBC44E700934E20 /* CountdownButton */,
				04CA7B891FBC44E700934E20 /* CountdownButtonTests */,
				04CA7B941FBC44E700934E20 /* CountdownButtonUITests */,
			);
		};
/* End PBXProject section */

/* Begin PBXResourcesBuildPhase section */
		04CA7B701FBC44E700934E20 /* Resources */ = {
			isa = PBXResourcesBuildPhase;
			buildActionMask = 2147483647;
			files = (
				04CA7B821FBC44E700934E20 /* LaunchScreen.storyboard in Resources */,
				04CA7B7F1FBC44E700934E20 /* Assets.xcassets in Resources */,
				04CA7B7D1FBC44E700934E20 /* Main.storyboard in Resources */,
			);
			runOnlyForDeploymentPostprocessing = 0;
		};
		04CA7B881FBC44E700934E20 /* Resources */ = {
			isa = PBXResourcesBuildPhase;
			buildActionMask = 2147483647;
			files = (
			);
			runOnlyForDeploymentPostprocessing = 0;
		};
		04CA7B931FBC44E700934E20 /* Resources */ = {
			isa = PBXResourcesBuildPhase;
			buildActionMask = 2147483647;
			files = (
			);
			runOnlyForDeploymentPostprocessing = 0;
		};
/* End PBXResourcesBuildPhase section */

/* Begin PBXSourcesBuildPhase section */
		04CA7B6E1FBC44E700934E20 /* Sources */ = {
			isa = PBXSourcesBuildPhase;
			buildActionMask = 2147483647;
			files = (
				04CA7B7A1FBC44E700934E20 /* ViewController.m in Sources */,
				04CA7BA91FBC455400934E20 /* UIButton+CountDown.m in Sources */,
				04CA7B851FBC44E700934E20 /* main.m in Sources */,
				04CA7B771FBC44E700934E20 /* AppDelegate.m in Sources */,
			);
			runOnlyForDeploymentPostprocessing = 0;
		};
		04CA7B861FBC44E700934E20 /* Sources */ = {
			isa = PBXSourcesBuildPhase;
			buildActionMask = 2147483647;
			files = (
				04CA7B8F1FBC44E700934E20 /* CountdownButtonTests.m in Sources */,
			);
			runOnlyForDeploymentPostprocessing = 0;
		};
		04CA7B911FBC44E700934E20 /* Sources */ = {
			isa = PBXSourcesBuildPhase;
			buildActionMask = 2147483647;
			files = (
				04CA7B9A1FBC44E700934E20 /* CountdownButtonUITests.m in Sources */,
			);
			runOnlyForDeploymentPostprocessing = 0;
		};
/* End PBXSourcesBuildPhase section */

/* Begin PBXTargetDependency section */
		04CA7B8C1FBC44E700934E20 /* PBXTargetDependency */ = {
			isa = PBXTargetDependency;
			target = 04CA7B711FBC44E700934E20 /* CountdownButton */;
			targetProxy = 04CA7B8B1FBC44E700934E20 /* PBXContainerItemProxy */;
		};
		04CA7B971FBC44E700934E20 /* PBXTargetDependency */ = {
			isa = PBXTargetDependency;
			target = 04CA7B711FBC44E700934E20 /* CountdownButton */;
			targetProxy = 04CA7B961FBC44E700934E20 /* PBXContainerItemProxy */;
		};
/* End PBXTargetDependency section */

/* Begin PBXVariantGroup section */
		04CA7B7B1FBC44E700934E20 /* Main.storyboard */ = {
			isa = PBXVariantGroup;
			children = (
				04CA7B7C1FBC44E700934E20 /* Base */,
			);
			name = Main.storyboard;
			sourceTree = "<group>";
		};
		04CA7B801FBC44E700934E20 /* LaunchScreen.storyboard */ = {
			isa = PBXVariantGroup;
			children = (
				04CA7B811FBC44E700934E20 /* Base */,
			);
			name = LaunchScreen.storyboard;
			sourceTree = "<group>";
		};
/* End PBXVariantGroup section */

/* Begin XCBuildConfiguration section */
		04CA7B9C1FBC44E800934E20 /* Debug */ = {
			isa = XCBuildConfiguration;
			buildSettings = {
				ALWAYS_SEARCH_USER_PATHS = NO;
				CLANG_ANALYZER_NONNULL = YES;
				CLANG_ANALYZER_NUMBER_OBJECT_CONVERSION = YES_AGGRESSIVE;
				CLANG_CXX_LANGUAGE_STANDARD = "gnu++14";
				CLANG_CXX_LIBRARY = "libc++";
				CLANG_ENABLE_MODULES = YES;
				CLANG_ENABLE_OBJC_ARC = YES;
				CLANG_WARN_BLOCK_CAPTURE_AUTORELEASING = YES;
				CLANG_WARN_BOOL_CONVERSION = YES;
				CLANG_WARN_COMMA = YES;
				CLANG_WARN_CONSTANT_CONVERSION = YES;
				CLANG_WARN_DIRECT_OBJC_ISA_USAGE = YES_ERROR;
				CLANG_WARN_DOCUMENTATION_COMMENTS = YES;
				CLANG_WARN_EMPTY_BODY = YES;
				CLANG_WARN_ENUM_CONVERSION = YES;
				CLANG_WARN_INFINITE_RECURSION = YES;
				CLANG_WARN_INT_CONVERSION = YES;
				CLANG_WARN_NON_LITERAL_NULL_CONVERSION = YES;
				CLANG_WARN_OBJC_LITERAL_CONVERSION = YES;
				CLANG_WARN_OBJC_ROOT_CLASS = YES_ERROR;
				CLANG_WARN_RANGE_LOOP_ANALYSIS = YES;
				CLANG_WARN_STRICT_PROTOTYPES = YES;
				CLANG_WARN_SUSPICIOUS_MOVE = YES;
				CLANG_WARN_UNGUARDED_AVAILABILITY = YES_AGGRESSIVE;
				CLANG_WARN_UNREACHABLE_CODE = YES;
				CLANG_WARN__DUPLICATE_METHOD_MATCH = YES;
				CODE_SIGN_IDENTITY = "iPhone Developer";
				COPY_PHASE_STRIP = NO;
				DEBUG_INFORMATION_FORMAT = dwarf;
				ENABLE_STRICT_OBJC_MSGSEND = YES;
				ENABLE_TESTABILITY = YES;
				GCC_C_LANGUAGE_STANDARD = gnu11;
				GCC_DYNAMIC_NO_PIC = NO;
				GCC_NO_COMMON_BLOCKS = YES;
				GCC_OPTIMIZATION_LEVEL = 0;
				GCC_PREPROCESSOR_DEFINITIONS = (
					"DEBUG=1",
					"$(inherited)",
				);
				GCC_WARN_64_TO_32_BIT_CONVERSION = YES;
				GCC_WARN_ABOUT_RETURN_TYPE = YES_ERROR;
				GCC_WARN_UNDECLARED_SELECTOR = YES;
				GCC_WARN_UNINITIALIZED_AUTOS = YES_AGGRESSIVE;
				GCC_WARN_UNUSED_FUNCTION = YES;
				GCC_WARN_UNUSED_VARIABLE = YES;
				IPHONEOS_DEPLOYMENT_TARGET = 11.1;
				MTL_ENABLE_DEBUG_INFO = YES;
				ONLY_ACTIVE_ARCH = YES;
				SDKROOT = iphoneos;
			};
			name = Debug;
		};
		04CA7B9D1FBC44E800934E20 /* Release */ = {
			isa = XCBuildConfiguration;
			buildSettings = {
				ALWAYS_SEARCH_USER_PATHS = NO;
				CLANG_ANALYZER_NONNULL = YES;
				CLANG_ANALYZER_NUMBER_OBJECT_CONVERSION = YES_AGGRESSIVE;
				CLANG_CXX_LANGUAGE_STANDARD = "gnu++14";
				CLANG_CXX_LIBRARY = "libc++";
				CLANG_ENABLE_MODULES = YES;
				CLANG_ENABLE_OBJC_ARC = YES;
				CLANG_WARN_BLOCK_CAPTURE_AUTORELEASING = YES;
				CLANG_WARN_BOOL_CONVERSION = YES;
				CLANG_WARN_COMMA = YES;
				CLANG_WARN_CONSTANT_CONVERSION = YES;
				CLANG_WARN_DIRECT_OBJC_ISA_USAGE = YES_ERROR;
				CLANG_WARN_DOCUMENTATION_COMMENTS = YES;
				CLANG_WARN_EMPTY_BODY = YES;
				CLANG_WARN_ENUM_CONVERSION = YES;
				CLANG_WARN_INFINITE_RECURSION = YES;
				CLANG_WARN_INT_CONVERSION = YES;
				CLANG_WARN_NON_LITERAL_NULL_CONVERSION = YES;
				CLANG_WARN_OBJC_LITERAL_CONVERSION = YES;
				CLANG_WARN_OBJC_ROOT_CLASS = YES_ERROR;
				CLANG_WARN_RANGE_LOOP_ANALYSIS = YES;
				CLANG_WARN_STRICT_PROTOTYPES = YES;
				CLANG_WARN_SUSPICIOUS_MOVE = YES;
				CLANG_WARN_UNGUARDED_AVAILABILITY = YES_AGGRESSIVE;
				CLANG_WARN_UNREACHABLE_CODE = YES;
				CLANG_WARN__DUPLICATE_METHOD_MATCH = YES;
				CODE_SIGN_IDENTITY = "iPhone Developer";
				COPY_PHASE_STRIP = NO;
				DEBUG_INFORMATION_FORMAT = "dwarf-with-dsym";
				ENABLE_NS_ASSERTIONS = NO;
				ENABLE_STRICT_OBJC_MSGSEND = YES;
				GCC_C_LANGUAGE_STANDARD = gnu11;
				GCC_NO_COMMON_BLOCKS = YES;
				GCC_WARN_64_TO_32_BIT_CONVERSION = YES;
				GCC_WARN_ABOUT_RETURN_TYPE = YES_ERROR;
				GCC_WARN_UNDECLARED_SELECTOR = YES;
				GCC_WARN_UNINITIALIZED_AUTOS = YES_AGGRESSIVE;
				GCC_WARN_UNUSED_FUNCTION = YES;
				GCC_WARN_UNUSED_VARIABLE = YES;
				IPHONEOS_DEPLOYMENT_TARGET = 11.1;
				MTL_ENABLE_DEBUG_INFO = NO;
				SDKROOT = iphoneos;
				VALIDATE_PRODUCT = YES;
			};
			name = Release;
		};
		04CA7B9F1FBC44E800934E20 /* Debug */ = {
			isa = XCBuildConfiguration;
			buildSettings = {
				ASSETCATALOG_COMPILER_APPICON_NAME = AppIcon;
				CODE_SIGN_STYLE = Automatic;
				DEVELOPMENT_TEAM = 73SYS32K9N;
				INFOPLIST_FILE = CountdownButton/Info.plist;
				LD_RUNPATH_SEARCH_PATHS = "$(inherited) @executable_path/Frameworks";
				PRODUCT_BUNDLE_IDENTIFIER = com.chengmeng.CuiShengXi.CountdownButton;
				PRODUCT_NAME = "$(TARGET_NAME)";
				TARGETED_DEVICE_FAMILY = "1,2";
			};
			name = Debug;
		};
		04CA7BA01FBC44E800934E20 /* Release */ = {
			isa = XCBuildConfiguration;
			buildSettings = {
				ASSETCATALOG_COMPILER_APPICON_NAME = AppIcon;
				CODE_SIGN_STYLE = Automatic;
				DEVELOPMENT_TEAM = 73SYS32K9N;
				INFOPLIST_FILE = CountdownButton/Info.plist;
				LD_RUNPATH_SEARCH_PATHS = "$(inherited) @executable_path/Frameworks";
				PRODUCT_BUNDLE_IDENTIFIER = com.chengmeng.CuiShengXi.CountdownButton;
				PRODUCT_NAME = "$(TARGET_NAME)";
				TARGETED_DEVICE_FAMILY = "1,2";
			};
			name = Release;
		};
		04CA7BA21FBC44E800934E20 /* Debug */ = {
			isa = XCBuildConfiguration;
			buildSettings = {
				BUNDLE_LOADER = "$(TEST_HOST)";
				CODE_SIGN_STYLE = Automatic;
				DEVELOPMENT_TEAM = 73SYS32K9N;
				INFOPLIST_FILE = CountdownButtonTests/Info.plist;
				LD_RUNPATH_SEARCH_PATHS = "$(inherited) @executable_path/Frameworks @loader_path/Frameworks";
				PRODUCT_BUNDLE_IDENTIFIER = com.chengmeng.CuiShengXi.CountdownButtonTests;
				PRODUCT_NAME = "$(TARGET_NAME)";
				TARGETED_DEVICE_FAMILY = "1,2";
				TEST_HOST = "$(BUILT_PRODUCTS_DIR)/CountdownButton.app/CountdownButton";
			};
			name = Debug;
		};
		04CA7BA31FBC44E800934E20 /* Release */ = {
			isa = XCBuildConfiguration;
			buildSettings = {
				BUNDLE_LOADER = "$(TEST_HOST)";
				CODE_SIGN_STYLE = Automatic;
				DEVELOPMENT_TEAM = 73SYS32K9N;
				INFOPLIST_FILE = CountdownButtonTests/Info.plist;
				LD_RUNPATH_SEARCH_PATHS = "$(inherited) @executable_path/Frameworks @loader_path/Frameworks";
				PRODUCT_BUNDLE_IDENTIFIER = com.chengmeng.CuiShengXi.CountdownButtonTests;
				PRODUCT_NAME = "$(TARGET_NAME)";
				TARGETED_DEVICE_FAMILY = "1,2";
				TEST_HOST = "$(BUILT_PRODUCTS_DIR)/CountdownButton.app/CountdownButton";
			};
			name = Release;
		};
		04CA7BA51FBC44E800934E20 /* Debug */ = {
			isa = XCBuildConfiguration;
			buildSettings = {
				CODE_SIGN_STYLE = Automatic;
				DEVELOPMENT_TEAM = 73SYS32K9N;
				INFOPLIST_FILE = CountdownButtonUITests/Info.plist;
				LD_RUNPATH_SEARCH_PATHS = "$(inherited) @executable_path/Frameworks @loader_path/Frameworks";
				PRODUCT_BUNDLE_IDENTIFIER = com.chengmeng.CuiShengXi.CountdownButtonUITests;
				PRODUCT_NAME = "$(TARGET_NAME)";
				TARGETED_DEVICE_FAMILY = "1,2";
				TEST_TARGET_NAME = CountdownButton;
			};
			name = Debug;
		};
		04CA7BA61FBC44E800934E20 /* Release */ = {
			isa = XCBuildConfiguration;
			buildSettings = {
				CODE_SIGN_STYLE = Automatic;
				DEVELOPMENT_TEAM = 73SYS32K9N;
				INFOPLIST_FILE = CountdownButtonUITests/Info.plist;
				LD_RUNPATH_SEARCH_PATHS = "$(inherited) @executable_path/Frameworks @loader_path/Frameworks";
				PRODUCT_BUNDLE_IDENTIFIER = com.chengmeng.CuiShengXi.CountdownButtonUITests;
				PRODUCT_NAME = "$(TARGET_NAME)";
				TARGETED_DEVICE_FAMILY = "1,2";
				TEST_TARGET_NAME = CountdownButton;
			};
			name = Release;
		};
/* End XCBuildConfiguration section */

/* Begin XCConfigurationList section */
		04CA7B6D1FBC44E700934E20 /* Build configuration list for PBXProject "CountdownButton" */ = {
			isa = XCConfigurationList;
			buildConfigurations = (
				04CA7B9C1FBC44E800934E20 /* Debug */,
				04CA7B9D1FBC44E800934E20 /* Release */,
			);
			defaultConfigurationIsVisible = 0;
			defaultConfigurationName = Release;
		};
		04CA7B9E1FBC44E800934E20 /* Build configuration list for PBXNativeTarget "CountdownButton" */ = {
			isa = XCConfigurationList;
			buildConfigurations = (
				04CA7B9F1FBC44E800934E20 /* Debug */,
				04CA7BA01FBC44E800934E20 /* Release */,
			);
			defaultConfigurationIsVisible = 0;
			defaultConfigurationName = Release;
		};
		04CA7BA11FBC44E800934E20 /* Build configuration list for PBXNativeTarget "CountdownButtonTests" */ = {
			isa = XCConfigurationList;
			buildConfigurations = (
				04CA7BA21FBC44E800934E20 /* Debug */,
				04CA7BA31FBC44E800934E20 /* Release */,
			);
			defaultConfigurationIsVisible = 0;
			defaultConfigurationName = Release;
		};
		04CA7BA41FBC44E800934E20 /* Build configuration list for PBXNativeTarget "CountdownButtonUITests" */ = {
			isa = XCConfigurationList;
			buildConfigurations = (
				04CA7BA51FBC44E800934E20 /* Debug */,
				04CA7BA61FBC44E800934E20 /* Release */,
			);
			defaultConfigurationIsVisible = 0;
			defaultConfigurationName = Release;
		};
/* End XCConfigurationList section */
	};
	rootObject = 04CA7B6A1FBC44E700934E20 /* Project object */;
}
